
Microsoft Visual Studio Solution File, Format Version 12.00
# Visual Studio Version 17
VisualStudioVersion = 17.1.32328.378
MinimumVisualStudioVersion = 10.0.40219.1
Project("{9A19103F-16F7-4668-BE54-9A1E7A4F7556}") = "junk-vs-buildevents-bugs", "junk-vs-buildevents-bugs\junk-vs-buildevents-bugs.csproj", "{61F72D0A-0044-46D6-8205-54EB9E5C21D5}"
EndProject
Global
	GlobalSection(SolutionConfigurationPlatforms) = preSolution
		Debug|Any CPU = Debug|Any CPU
		Release|Any CPU = Release|Any CPU
	EndGlobalSection
	GlobalSection(ProjectConfigurationPlatforms) = postSolution
		{61F72D0A-0044-46D6-8205-54EB9E5C21D5}.Debug|Any CPU.ActiveCfg = Debug|Any CPU
		{61F72D0A-0044-46D6-8205-54EB9E5C21D5}.Debug|Any CPU.Build.0 = Debug|Any CPU
		{61F72D0A-0044-46D6-8205-54EB9E5C21D5}.Release|Any CPU.ActiveCfg = Release|Any CPU
		{61F72D0A-0044-46D6-8205-54EB9E5C21D5}.Release|Any CPU.Build.0 = Release|Any CPU
	EndGlobalSection
	GlobalSection(SolutionProperties) = preSolution
		HideSolutionNode = FALSE
	EndGlobalSection
	GlobalSection(ExtensibilityGlobals) = postSolution
		SolutionGuid = {0B19C9F7-5EFF-438D-8536-094BC8672FEA}
	EndGlobalSection
EndGlobal
